// !$*UTF8*$!
{
	archiveVersion = 1;
	classes = {
	};
	objectVersion = 50;
	objects = {

/* Begin PBXBuildFile section */
		F02B047623D4AE3500780785 /* AppDelegate.swift in Sources */ = {isa = PBXBuildFile; fileRef = F02B047523D4AE3500780785 /* AppDelegate.swift */; };
		F02B047823D4AE3500780785 /* SceneDelegate.swift in Sources */ = {isa = PBXBuildFile; fileRef = F02B047723D4AE3500780785 /* SceneDelegate.swift */; };
		F02B047D23D4AE3500780785 /* Main.storyboard in Resources */ = {isa = PBXBuildFile; fileRef = F02B047B23D4AE3500780785 /* Main.storyboard */; };
		F02B048023D4AE3500780785 /* sqlExam.xcdatamodeld in Sources */ = {isa = PBXBuildFile; fileRef = F02B047E23D4AE3500780785 /* sqlExam.xcdatamodeld */; };
		F02B048223D4AE3700780785 /* Assets.xcassets in Resources */ = {isa = PBXBuildFile; fileRef = F02B048123D4AE3700780785 /* Assets.xcassets */; };
		F02B048523D4AE3700780785 /* LaunchScreen.storyboard in Resources */ = {isa = PBXBuildFile; fileRef = F02B048323D4AE3700780785 /* LaunchScreen.storyboard */; };
		F02B049023D4AE3700780785 /* sqlExamTests.swift in Sources */ = {isa = PBXBuildFile; fileRef = F02B048F23D4AE3700780785 /* sqlExamTests.swift */; };
		F02B049B23D4AE3700780785 /* sqlExamUITests.swift in Sources */ = {isa = PBXBuildFile; fileRef = F02B049A23D4AE3700780785 /* sqlExamUITests.swift */; };
		F02B04AB23D4B0C000780785 /* SignUp.swift in Sources */ = {isa = PBXBuildFile; fileRef = F02B04AA23D4B0C000780785 /* SignUp.swift */; };
		F02B04AE23D4B0D700780785 /* Database.swift in Sources */ = {isa = PBXBuildFile; fileRef = F02B04AD23D4B0D700780785 /* Database.swift */; };
		F02B04B123D4B11E00780785 /* libsqlite3.0.tbd in Frameworks */ = {isa = PBXBuildFile; fileRef = F02B04B023D4B11900780785 /* libsqlite3.0.tbd */; };
		F02B04B723D4B4CF00780785 /* LogIn.swift in Sources */ = {isa = PBXBuildFile; fileRef = F02B04B623D4B4CF00780785 /* LogIn.swift */; };
		F02B04BD23D4BA4900780785 /* ViewPage.swift in Sources */ = {isa = PBXBuildFile; fileRef = F02B04BC23D4BA4900780785 /* ViewPage.swift */; };
		F05CBF4623D5AAB400C9F47B /* ExamDb.db in Resources */ = {isa = PBXBuildFile; fileRef = F05CBF4523D5AAB400C9F47B /* ExamDb.db */; };
/* End PBXBuildFile section */

/* Begin PBXContainerItemProxy section */
		F02B048C23D4AE3700780785 /* PBXContainerItemProxy */ = {
			isa = PBXContainerItemProxy;
			containerPortal = F02B046A23D4AE3500780785 /* Project object */;
			proxyType = 1;
			remoteGlobalIDString = F02B047123D4AE3500780785;
			remoteInfo = sqlExam;
		};
		F02B049723D4AE3700780785 /* PBXContainerItemProxy */ = {
			isa = PBXContainerItemProxy;
			containerPortal = F02B046A23D4AE3500780785 /* Project object */;
			proxyType = 1;
			remoteGlobalIDString = F02B047123D4AE3500780785;
			remoteInfo = sqlExam;
		};
/* End PBXContainerItemProxy section */

/* Begin PBXFileReference section */
		F02B047223D4AE3500780785 /* sqlExam.app */ = {isa = PBXFileReference; explicitFileType = wrapper.application; includeInIndex = 0; path = sqlExam.app; sourceTree = BUILT_PRODUCTS_DIR; };
		F02B047523D4AE3500780785 /* AppDelegate.swift */ = {isa = PBXFileReference; lastKnownFileType = sourcecode.swift; path = AppDelegate.swift; sourceTree = "<group>"; };
		F02B047723D4AE3500780785 /* SceneDelegate.swift */ = {isa = PBXFileReference; lastKnownFileType = sourcecode.swift; path = SceneDelegate.swift; sourceTree = "<group>"; };
		F02B047C23D4AE3500780785 /* Base */ = {isa = PBXFileReference; lastKnownFileType = file.storyboard; name = Base; path = Base.lproj/Main.storyboard; sourceTree = "<group>"; };
		F02B047F23D4AE3500780785 /* sqlExam.xcdatamodel */ = {isa = PBXFileReference; lastKnownFileType = wrapper.xcdatamodel; path = sqlExam.xcdatamodel; sourceTree = "<group>"; };
		F02B048123D4AE3700780785 /* Assets.xcassets */ = {isa = PBXFileReference; lastKnownFileType = folder.assetcatalog; path = Assets.xcassets; sourceTree = "<group>"; };
		F02B048423D4AE3700780785 /* Base */ = {isa = PBXFileReference; lastKnownFileType = file.storyboard; name = Base; path = Base.lproj/LaunchScreen.storyboard; sourceTree = "<group>"; };
		F02B048623D4AE3700780785 /* Info.plist */ = {isa = PBXFileReference; lastKnownFileType = text.plist.xml; path = Info.plist; sourceTree = "<group>"; };
		F02B048B23D4AE3700780785 /* sqlExamTests.xctest */ = {isa = PBXFileReference; explicitFileType = wrapper.cfbundle; includeInIndex = 0; path = sqlExamTests.xctest; sourceTree = BUILT_PRODUCTS_DIR; };
		F02B048F23D4AE3700780785 /* sqlExamTests.swift */ = {isa = PBXFileReference; lastKnownFileType = sourcecode.swift; path = sqlExamTests.swift; sourceTree = "<group>"; };
		F02B049123D4AE3700780785 /* Info.plist */ = {isa = PBXFileReference; lastKnownFileType = text.plist.xml; path = Info.plist; sourceTree = "<group>"; };
		F02B049623D4AE3700780785 /* sqlExamUITests.xctest */ = {isa = PBXFileReference; explicitFileType = wrapper.cfbundle; includeInIndex = 0; path = sqlExamUITests.xctest; sourceTree = BUILT_PRODUCTS_DIR; };
		F02B049A23D4AE3700780785 /* sqlExamUITests.swift */ = {isa = PBXFileReference; lastKnownFileType = sourcecode.swift; path = sqlExamUITests.swift; sourceTree = "<group>"; };
		F02B049C23D4AE3700780785 /* Info.plist */ = {isa = PBXFileReference; lastKnownFileType = text.plist.xml; path = Info.plist; sourceTree = "<group>"; };
		F02B04AA23D4B0C000780785 /* SignUp.swift */ = {isa = PBXFileReference; lastKnownFileType = sourcecode.swift; path = SignUp.swift; sourceTree = "<group>"; };
		F02B04AD23D4B0D700780785 /* Database.swift */ = {isa = PBXFileReference; lastKnownFileType = sourcecode.swift; path = Database.swift; sourceTree = "<group>"; };
		F02B04B023D4B11900780785 /* libsqlite3.0.tbd */ = {isa = PBXFileReference; lastKnownFileType = "sourcecode.text-based-dylib-definition"; name = libsqlite3.0.tbd; path = usr/lib/libsqlite3.0.tbd; sourceTree = SDKROOT; };
		F02B04B223D4B12E00780785 /* sqlExam-Bridging-Header.h */ = {isa = PBXFileReference; lastKnownFileType = sourcecode.c.h; path = "sqlExam-Bridging-Header.h"; sourceTree = "<group>"; };
		F02B04B623D4B4CF00780785 /* LogIn.swift */ = {isa = PBXFileReference; lastKnownFileType = sourcecode.swift; path = LogIn.swift; sourceTree = "<group>"; };
		F02B04BC23D4BA4900780785 /* ViewPage.swift */ = {isa = PBXFileReference; lastKnownFileType = sourcecode.swift; path = ViewPage.swift; sourceTree = "<group>"; };
		F05CBF4523D5AAB400C9F47B /* ExamDb.db */ = {isa = PBXFileReference; lastKnownFileType = file; name = ExamDb.db; path = ../../../ExamDb.db; sourceTree = "<group>"; };
/* End PBXFileReference section */

/* Begin PBXFrameworksBuildPhase section */
		F02B046F23D4AE3500780785 /* Frameworks */ = {
			isa = PBXFrameworksBuildPhase;
			buildActionMask = 2147483647;
			files = (
				F02B04B123D4B11E00780785 /* libsqlite3.0.tbd in Frameworks */,
			);
			runOnlyForDeploymentPostprocessing = 0;
		};
		F02B048823D4AE3700780785 /* Frameworks */ = {
			isa = PBXFrameworksBuildPhase;
			buildActionMask = 2147483647;
			files = (
			);
			runOnlyForDeploymentPostprocessing = 0;
		};
		F02B049323D4AE3700780785 /* Frameworks */ = {
			isa = PBXFrameworksBuildPhase;
			buildActionMask = 2147483647;
			files = (
			);
			runOnlyForDeploymentPostprocessing = 0;
		};
/* End PBXFrameworksBuildPhase section */

/* Begin PBXGroup section */
		F02B046923D4AE3500780785 = {
			isa = PBXGroup;
			children = (
				F02B047423D4AE3500780785 /* sqlExam */,
				F02B048E23D4AE3700780785 /* sqlExamTests */,
				F02B049923D4AE3700780785 /* sqlExamUITests */,
				F02B047323D4AE3500780785 /* Products */,
				F02B04AF23D4B11900780785 /* Frameworks */,
			);
			sourceTree = "<group>";
		};
		F02B047323D4AE3500780785 /* Products */ = {
			isa = PBXGroup;
			children = (
				F02B047223D4AE3500780785 /* sqlExam.app */,
				F02B048B23D4AE3700780785 /* sqlExamTests.xctest */,
				F02B049623D4AE3700780785 /* sqlExamUITests.xctest */,
			);
			name = Products;
			sourceTree = "<group>";
		};
		F02B047423D4AE3500780785 /* sqlExam */ = {
			isa = PBXGroup;
			children = (
				F05CBF4523D5AAB400C9F47B /* ExamDb.db */,
				F02B04AC23D4B0C800780785 /* SqlDb */,
				F02B047523D4AE3500780785 /* AppDelegate.swift */,
				F02B047723D4AE3500780785 /* SceneDelegate.swift */,
				F02B047B23D4AE3500780785 /* Main.storyboard */,
				F02B048123D4AE3700780785 /* Assets.xcassets */,
				F02B048323D4AE3700780785 /* LaunchScreen.storyboard */,
				F02B048623D4AE3700780785 /* Info.plist */,
				F02B047E23D4AE3500780785 /* sqlExam.xcdatamodeld */,
				F02B04AA23D4B0C000780785 /* SignUp.swift */,
				F02B04B623D4B4CF00780785 /* LogIn.swift */,
				F02B04BC23D4BA4900780785 /* ViewPage.swift */,
			);
			path = sqlExam;
			sourceTree = "<group>";
		};
		F02B048E23D4AE3700780785 /* sqlExamTests */ = {
			isa = PBXGroup;
			children = (
				F02B048F23D4AE3700780785 /* sqlExamTests.swift */,
				F02B049123D4AE3700780785 /* Info.plist */,
			);
			path = sqlExamTests;
			sourceTree = "<group>";
		};
		F02B049923D4AE3700780785 /* sqlExamUITests */ = {
			isa = PBXGroup;
			children = (
				F02B049A23D4AE3700780785 /* sqlExamUITests.swift */,
				F02B049C23D4AE3700780785 /* Info.plist */,
			);
			path = sqlExamUITests;
			sourceTree = "<group>";
		};
		F02B04AC23D4B0C800780785 /* SqlDb */ = {
			isa = PBXGroup;
			children = (
				F02B04AD23D4B0D700780785 /* Database.swift */,
				F02B04B223D4B12E00780785 /* sqlExam-Bridging-Header.h */,
			);
			path = SqlDb;
			sourceTree = "<group>";
		};
		F02B04AF23D4B11900780785 /* Frameworks */ = {
			isa = PBXGroup;
			children = (
				F02B04B023D4B11900780785 /* libsqlite3.0.tbd */,
			);
			name = Frameworks;
			sourceTree = "<group>";
		};
/* End PBXGroup section */

/* Begin PBXNativeTarget section */
		F02B047123D4AE3500780785 /* sqlExam */ = {
			isa = PBXNativeTarget;
			buildConfigurationList = F02B049F23D4AE3700780785 /* Build configuration list for PBXNativeTarget "sqlExam" */;
			buildPhases = (
				F02B046E23D4AE3500780785 /* Sources */,
				F02B046F23D4AE3500780785 /* Frameworks */,
				F02B047023D4AE3500780785 /* Resources */,
			);
			buildRules = (
			);
			dependencies = (
			);
			name = sqlExam;
			productName = sqlExam;
			productReference = F02B047223D4AE3500780785 /* sqlExam.app */;
			productType = "com.apple.product-type.application";
		};
		F02B048A23D4AE3700780785 /* sqlExamTests */ = {
			isa = PBXNativeTarget;
			buildConfigurationList = F02B04A223D4AE3700780785 /* Build configuration list for PBXNativeTarget "sqlExamTests" */;
			buildPhases = (
				F02B048723D4AE3700780785 /* Sources */,
				F02B048823D4AE3700780785 /* Frameworks */,
				F02B048923D4AE3700780785 /* Resources */,
			);
			buildRules = (
			);
			dependencies = (
				F02B048D23D4AE3700780785 /* PBXTargetDependency */,
			);
			name = sqlExamTests;
			productName = sqlExamTests;
			productReference = F02B048B23D4AE3700780785 /* sqlExamTests.xctest */;
			productType = "com.apple.product-type.bundle.unit-test";
		};
		F02B049523D4AE3700780785 /* sqlExamUITests */ = {
			isa = PBXNativeTarget;
			buildConfigurationList = F02B04A523D4AE3700780785 /* Build configuration list for PBXNativeTarget "sqlExamUITests" */;
			buildPhases = (
				F02B049223D4AE3700780785 /* Sources */,
				F02B049323D4AE3700780785 /* Frameworks */,
				F02B049423D4AE3700780785 /* Resources */,
			);
			buildRules = (
			);
			dependencies = (
				F02B049823D4AE3700780785 /* PBXTargetDependency */,
			);
			name = sqlExamUITests;
			productName = sqlExamUITests;
			productReference = F02B049623D4AE3700780785 /* sqlExamUITests.xctest */;
			productType = "com.apple.product-type.bundle.ui-testing";
		};
/* End PBXNativeTarget section */

/* Begin PBXProject section */
		F02B046A23D4AE3500780785 /* Project object */ = {
			isa = PBXProject;
			attributes = {
				LastSwiftUpdateCheck = 1130;
				LastUpgradeCheck = 1130;
				ORGANIZATIONNAME = "Nilrajsinh Vaghela";
				TargetAttributes = {
					F02B047123D4AE3500780785 = {
						CreatedOnToolsVersion = 11.3.1;
						LastSwiftMigration = 1130;
					};
					F02B048A23D4AE3700780785 = {
						CreatedOnToolsVersion = 11.3.1;
						TestTargetID = F02B047123D4AE3500780785;
					};
					F02B049523D4AE3700780785 = {
						CreatedOnToolsVersion = 11.3.1;
						TestTargetID = F02B047123D4AE3500780785;
					};
				};
			};
			buildConfigurationList = F02B046D23D4AE3500780785 /* Build configuration list for PBXProject "sqlExam" */;
			compatibilityVersion = "Xcode 9.3";
			developmentRegion = en;
			hasScannedForEncodings = 0;
			knownRegions = (
				en,
				Base,
			);
			mainGroup = F02B046923D4AE3500780785;
			productRefGroup = F02B047323D4AE3500780785 /* Products */;
			projectDirPath = "";
			projectRoot = "";
			targets = (
				F02B047123D4AE3500780785 /* sqlExam */,
				F02B048A23D4AE3700780785 /* sqlExamTests */,
				F02B049523D4AE3700780785 /* sqlExamUITests */,
			);
		};
/* End PBXProject section */

/* Begin PBXResourcesBuildPhase section */
		F02B047023D4AE3500780785 /* Resources */ = {
			isa = PBXResourcesBuildPhase;
			buildActionMask = 2147483647;
			files = (
				F02B048523D4AE3700780785 /* LaunchScreen.storyboard in Resources */,
				F02B048223D4AE3700780785 /* Assets.xcassets in Resources */,
				F05CBF4623D5AAB400C9F47B /* ExamDb.db in Resources */,
				F02B047D23D4AE3500780785 /* Main.storyboard in Resources */,
			);
			runOnlyForDeploymentPostprocessing = 0;
		};
		F02B048923D4AE3700780785 /* Resources */ = {
			isa = PBXResourcesBuildPhase;
			buildActionMask = 2147483647;
			files = (
			);
			runOnlyForDeploymentPostprocessing = 0;
		};
		F02B049423D4AE3700780785 /* Resources */ = {
			isa = PBXResourcesBuildPhase;
			buildActionMask = 2147483647;
			files = (
			);
			runOnlyForDeploymentPostprocessing = 0;
		};
/* End PBXResourcesBuildPhase section */

/* Begin PBXSourcesBuildPhase section */
		F02B046E23D4AE3500780785 /* Sources */ = {
			isa = PBXSourcesBuildPhase;
			buildActionMask = 2147483647;
			files = (
				F02B047623D4AE3500780785 /* AppDelegate.swift in Sources */,
				F02B04BD23D4BA4900780785 /* ViewPage.swift in Sources */,
				F02B04B723D4B4CF00780785 /* LogIn.swift in Sources */,
				F02B04AB23D4B0C000780785 /* SignUp.swift in Sources */,
				F02B047823D4AE3500780785 /* SceneDelegate.swift in Sources */,
				F02B04AE23D4B0D700780785 /* Database.swift in Sources */,
				F02B048023D4AE3500780785 /* sqlExam.xcdatamodeld in Sources */,
			);
			runOnlyForDeploymentPostprocessing = 0;
		};
		F02B048723D4AE3700780785 /* Sources */ = {
			isa = PBXSourcesBuildPhase;
			buildActionMask = 2147483647;
			files = (
				F02B049023D4AE3700780785 /* sqlExamTests.swift in Sources */,
			);
			runOnlyForDeploymentPostprocessing = 0;
		};
		F02B049223D4AE3700780785 /* Sources */ = {
			isa = PBXSourcesBuildPhase;
			buildActionMask = 2147483647;
			files = (
				F02B049B23D4AE3700780785 /* sqlExamUITests.swift in Sources */,
			);
			runOnlyForDeploymentPostprocessing = 0;
		};
/* End PBXSourcesBuildPhase section */

/* Begin PBXTargetDependency section */
		F02B048D23D4AE3700780785 /* PBXTargetDependency */ = {
			isa = PBXTargetDependency;
			target = F02B047123D4AE3500780785 /* sqlExam */;
			targetProxy = F02B048C23D4AE3700780785 /* PBXContainerItemProxy */;
		};
		F02B049823D4AE3700780785 /* PBXTargetDependency */ = {
			isa = PBXTargetDependency;
			target = F02B047123D4AE3500780785 /* sqlExam */;
			targetProxy = F02B049723D4AE3700780785 /* PBXContainerItemProxy */;
		};
/* End PBXTargetDependency section */

/* Begin PBXVariantGroup section */
		F02B047B23D4AE3500780785 /* Main.storyboard */ = {
			isa = PBXVariantGroup;
			children = (
				F02B047C23D4AE3500780785 /* Base */,
			);
			name = Main.storyboard;
			sourceTree = "<group>";
		};
		F02B048323D4AE3700780785 /* LaunchScreen.storyboard */ = {
			isa = PBXVariantGroup;
			children = (
				F02B048423D4AE3700780785 /* Base */,
			);
			name = LaunchScreen.storyboard;
			sourceTree = "<group>";
		};
/* End PBXVariantGroup section */

/* Begin XCBuildConfiguration section */
		F02B049D23D4AE3700780785 /* Debug */ = {
			isa = XCBuildConfiguration;
			buildSettings = {
				ALWAYS_SEARCH_USER_PATHS = NO;
				CLANG_ANALYZER_NONNULL = YES;
				CLANG_ANALYZER_NUMBER_OBJECT_CONVERSION = YES_AGGRESSIVE;
				CLANG_CXX_LANGUAGE_STANDARD = "gnu++14";
				CLANG_CXX_LIBRARY = "libc++";
				CLANG_ENABLE_MODULES = YES;
				CLANG_ENABLE_OBJC_ARC = YES;
				CLANG_ENABLE_OBJC_WEAK = YES;
				CLANG_WARN_BLOCK_CAPTURE_AUTORELEASING = YES;
				CLANG_WARN_BOOL_CONVERSION = YES;
				CLANG_WARN_COMMA = YES;
				CLANG_WARN_CONSTANT_CONVERSION = YES;
				CLANG_WARN_DEPRECATED_OBJC_IMPLEMENTATIONS = YES;
				CLANG_WARN_DIRECT_OBJC_ISA_USAGE = YES_ERROR;
				CLANG_WARN_DOCUMENTATION_COMMENTS = YES;
				CLANG_WARN_EMPTY_BODY = YES;
				CLANG_WARN_ENUM_CONVERSION = YES;
				CLANG_WARN_INFINITE_RECURSION = YES;
				CLANG_WARN_INT_CONVERSION = YES;
				CLANG_WARN_NON_LITERAL_NULL_CONVERSION = YES;
				CLANG_WARN_OBJC_IMPLICIT_RETAIN_SELF = YES;
				CLANG_WARN_OBJC_LITERAL_CONVERSION = YES;
				CLANG_WARN_OBJC_ROOT_CLASS = YES_ERROR;
				CLANG_WARN_RANGE_LOOP_ANALYSIS = YES;
				CLANG_WARN_STRICT_PROTOTYPES = YES;
				CLANG_WARN_SUSPICIOUS_MOVE = YES;
				CLANG_WARN_UNGUARDED_AVAILABILITY = YES_AGGRESSIVE;
				CLANG_WARN_UNREACHABLE_CODE = YES;
				CLANG_WARN__DUPLICATE_METHOD_MATCH = YES;
				COPY_PHASE_STRIP = NO;
				DEBUG_INFORMATION_FORMAT = dwarf;
				ENABLE_STRICT_OBJC_MSGSEND = YES;
				ENABLE_TESTABILITY = YES;
				GCC_C_LANGUAGE_STANDARD = gnu11;
				GCC_DYNAMIC_NO_PIC = NO;
				GCC_NO_COMMON_BLOCKS = YES;
				GCC_OPTIMIZATION_LEVEL = 0;
				GCC_PREPROCESSOR_DEFINITIONS = (
					"DEBUG=1",
					"$(inherited)",
				);
				GCC_WARN_64_TO_32_BIT_CONVERSION = YES;
				GCC_WARN_ABOUT_RETURN_TYPE = YES_ERROR;
				GCC_WARN_UNDECLARED_SELECTOR = YES;
				GCC_WARN_UNINITIALIZED_AUTOS = YES_AGGRESSIVE;
				GCC_WARN_UNUSED_FUNCTION = YES;
				GCC_WARN_UNUSED_VARIABLE = YES;
				IPHONEOS_DEPLOYMENT_TARGET = 13.2;
				MTL_ENABLE_DEBUG_INFO = INCLUDE_SOURCE;
				MTL_FAST_MATH = YES;
				ONLY_ACTIVE_ARCH = YES;
				SDKROOT = iphoneos;
				SWIFT_ACTIVE_COMPILATION_CONDITIONS = DEBUG;
				SWIFT_OPTIMIZATION_LEVEL = "-Onone";
			};
			name = Debug;
		};
		F02B049E23D4AE3700780785 /* Release */ = {
			isa = XCBuildConfiguration;
			buildSettings = {
				ALWAYS_SEARCH_USER_PATHS = NO;
				CLANG_ANALYZER_NONNULL = YES;
				CLANG_ANALYZER_NUMBER_OBJECT_CONVERSION = YES_AGGRESSIVE;
				CLANG_CXX_LANGUAGE_STANDARD = "gnu++14";
				CLANG_CXX_LIBRARY = "libc++";
				CLANG_ENABLE_MODULES = YES;
				CLANG_ENABLE_OBJC_ARC = YES;
				CLANG_ENABLE_OBJC_WEAK = YES;
				CLANG_WARN_BLOCK_CAPTURE_AUTORELEASING = YES;
				CLANG_WARN_BOOL_CONVERSION = YES;
				CLANG_WARN_COMMA = YES;
				CLANG_WARN_CONSTANT_CONVERSION = YES;
				CLANG_WARN_DEPRECATED_OBJC_IMPLEMENTATIONS = YES;
				CLANG_WARN_DIRECT_OBJC_ISA_USAGE = YES_ERROR;
				CLANG_WARN_DOCUMENTATION_COMMENTS = YES;
				CLANG_WARN_EMPTY_BODY = YES;
				CLANG_WARN_ENUM_CONVERSION = YES;
				CLANG_WARN_INFINITE_RECURSION = YES;
				CLANG_WARN_INT_CONVERSION = YES;
				CLANG_WARN_NON_LITERAL_NULL_CONVERSION = YES;
				CLANG_WARN_OBJC_IMPLICIT_RETAIN_SELF = YES;
				CLANG_WARN_OBJC_LITERAL_CONVERSION = YES;
				CLANG_WARN_OBJC_ROOT_CLASS = YES_ERROR;
				CLANG_WARN_RANGE_LOOP_ANALYSIS = YES;
				CLANG_WARN_STRICT_PROTOTYPES = YES;
				CLANG_WARN_SUSPICIOUS_MOVE = YES;
				CLANG_WARN_UNGUARDED_AVAILABILITY = YES_AGGRESSIVE;
				CLANG_WARN_UNREACHABLE_CODE = YES;
				CLANG_WARN__DUPLICATE_METHOD_MATCH = YES;
				COPY_PHASE_STRIP = NO;
				DEBUG_INFORMATION_FORMAT = "dwarf-with-dsym";
				ENABLE_NS_ASSERTIONS = NO;
				ENABLE_STRICT_OBJC_MSGSEND = YES;
				GCC_C_LANGUAGE_STANDARD = gnu11;
				GCC_NO_COMMON_BLOCKS = YES;
				GCC_WARN_64_TO_32_BIT_CONVERSION = YES;
				GCC_WARN_ABOUT_RETURN_TYPE = YES_ERROR;
				GCC_WARN_UNDECLARED_SELECTOR = YES;
				GCC_WARN_UNINITIALIZED_AUTOS = YES_AGGRESSIVE;
				GCC_WARN_UNUSED_FUNCTION = YES;
				GCC_WARN_UNUSED_VARIABLE = YES;
				IPHONEOS_DEPLOYMENT_TARGET = 13.2;
				MTL_ENABLE_DEBUG_INFO = NO;
				MTL_FAST_MATH = YES;
				SDKROOT = iphoneos;
				SWIFT_COMPILATION_MODE = wholemodule;
				SWIFT_OPTIMIZATION_LEVEL = "-O";
				VALIDATE_PRODUCT = YES;
			};
			name = Release;
		};
		F02B04A023D4AE3700780785 /* Debug */ = {
			isa = XCBuildConfiguration;
			buildSettings = {
				ASSETCATALOG_COMPILER_APPICON_NAME = AppIcon;
				CLANG_ENABLE_MODULES = YES;
				CODE_SIGN_STYLE = Automatic;
				DEVELOPMENT_TEAM = 7227VAQ96L;
				INFOPLIST_FILE = sqlExam/Info.plist;
				LD_RUNPATH_SEARCH_PATHS = (
					"$(inherited)",
					"@executable_path/Frameworks",
				);
				PRODUCT_BUNDLE_IDENTIFIER = Tipsy.com.sqlExam;
				PRODUCT_NAME = "$(TARGET_NAME)";
				SWIFT_OBJC_BRIDGING_HEADER = "sqlExam/SqlDb/sqlExam-Bridging-Header.h";
				SWIFT_OPTIMIZATION_LEVEL = "-Onone";
				SWIFT_VERSION = 5.0;
				TARGETED_DEVICE_FAMILY = "1,2";
			};
			name = Debug;
		};
		F02B04A123D4AE3700780785 /* Release */ = {
			isa = XCBuildConfiguration;
			buildSettings = {
				ASSETCATALOG_COMPILER_APPICON_NAME = AppIcon;
				CLANG_ENABLE_MODULES = YES;
				CODE_SIGN_STYLE = Automatic;
				DEVELOPMENT_TEAM = 7227VAQ96L;
				INFOPLIST_FILE = sqlExam/Info.plist;
				LD_RUNPATH_SEARCH_PATHS = (
					"$(inherited)",
					"@executable_path/Frameworks",
				);
				PRODUCT_BUNDLE_IDENTIFIER = Tipsy.com.sqlExam;
				PRODUCT_NAME = "$(TARGET_NAME)";
				SWIFT_OBJC_BRIDGING_HEADER = "sqlExam/SqlDb/sqlExam-Bridging-Header.h";
				SWIFT_VERSION = 5.0;
				TARGETED_DEVICE_FAMILY = "1,2";
			};
			name = Release;
		};
		F02B04A323D4AE3700780785 /* Debug */ = {
			isa = XCBuildConfiguration;
			buildSettings = {
				ALWAYS_EMBED_SWIFT_STANDARD_LIBRARIES = YES;
				BUNDLE_LOADER = "$(TEST_HOST)";
				CODE_SIGN_STYLE = Automatic;
				DEVELOPMENT_TEAM = 7227VAQ96L;
				INFOPLIST_FILE = sqlExamTests/Info.plist;
				IPHONEOS_DEPLOYMENT_TARGET = 13.2;
				LD_RUNPATH_SEARCH_PATHS = (
					"$(inherited)",
					"@executable_path/Frameworks",
					"@loader_path/Frameworks",
				);
				PRODUCT_BUNDLE_IDENTIFIER = Tipsy.com.sqlExamTests;
				PRODUCT_NAME = "$(TARGET_NAME)";
				SWIFT_VERSION = 5.0;
				TARGETED_DEVICE_FAMILY = "1,2";
				TEST_HOST = "$(BUILT_PRODUCTS_DIR)/sqlExam.app/sqlExam";
			};
			name = Debug;
		};
		F02B04A423D4AE3700780785 /* Release */ = {
			isa = XCBuildConfiguration;
			buildSettings = {
				ALWAYS_EMBED_SWIFT_STANDARD_LIBRARIES = YES;
				BUNDLE_LOADER = "$(TEST_HOST)";
				CODE_SIGN_STYLE = Automatic;
				DEVELOPMENT_TEAM = 7227VAQ96L;
				INFOPLIST_FILE = sqlExamTests/Info.plist;
				IPHONEOS_DEPLOYMENT_TARGET = 13.2;
				LD_RUNPATH_SEARCH_PATHS = (
					"$(inherited)",
					"@executable_path/Frameworks",
					"@loader_path/Frameworks",
				);
				PRODUCT_BUNDLE_IDENTIFIER = Tipsy.com.sqlExamTests;
				PRODUCT_NAME = "$(TARGET_NAME)";
				SWIFT_VERSION = 5.0;
				TARGETED_DEVICE_FAMILY = "1,2";
				TEST_HOST = "$(BUILT_PRODUCTS_DIR)/sqlExam.app/sqlExam";
			};
			name = Release;
		};
		F02B04A623D4AE3700780785 /* Debug */ = {
			isa = XCBuildConfiguration;
			buildSettings = {
				ALWAYS_EMBED_SWIFT_STANDARD_LIBRARIES = YES;
				CODE_SIGN_STYLE = Automatic;
				DEVELOPMENT_TEAM = 7227VAQ96L;
				INFOPLIST_FILE = sqlExamUITests/Info.plist;
				LD_RUNPATH_SEARCH_PATHS = (
					"$(inherited)",
					"@executable_path/Frameworks",
					"@loader_path/Frameworks",
				);
				PRODUCT_BUNDLE_IDENTIFIER = Tipsy.com.sqlExamUITests;
				PRODUCT_NAME = "$(TARGET_NAME)";
				SWIFT_VERSION = 5.0;
				TARGETED_DEVICE_FAMILY = "1,2";
				TEST_TARGET_NAME = sqlExam;
			};
			name = Debug;
		};
		F02B04A723D4AE3700780785 /* Release */ = {
			isa = XCBuildConfiguration;
			buildSettings = {
				ALWAYS_EMBED_SWIFT_STANDARD_LIBRARIES = YES;
				CODE_SIGN_STYLE = Automatic;
				DEVELOPMENT_TEAM = 7227VAQ96L;
				INFOPLIST_FILE = sqlExamUITests/Info.plist;
				LD_RUNPATH_SEARCH_PATHS = (
					"$(inherited)",
					"@executable_path/Frameworks",
					"@loader_path/Frameworks",
				);
				PRODUCT_BUNDLE_IDENTIFIER = Tipsy.com.sqlExamUITests;
				PRODUCT_NAME = "$(TARGET_NAME)";
				SWIFT_VERSION = 5.0;
				TARGETED_DEVICE_FAMILY = "1,2";
				TEST_TARGET_NAME = sqlExam;
			};
			name = Release;
		};
/* End XCBuildConfiguration section */

/* Begin XCConfigurationList section */
		F02B046D23D4AE3500780785 /* Build configuration list for PBXProject "sqlExam" */ = {
			isa = XCConfigurationList;
			buildConfigurations = (
				F02B049D23D4AE3700780785 /* Debug */,
				F02B049E23D4AE3700780785 /* Release */,
			);
			defaultConfigurationIsVisible = 0;
			defaultConfigurationName = Release;
		};
		F02B049F23D4AE3700780785 /* Build configuration list for PBXNativeTarget "sqlExam" */ = {
			isa = XCConfigurationList;
			buildConfigurations = (
				F02B04A023D4AE3700780785 /* Debug */,
				F02B04A123D4AE3700780785 /* Release */,
			);
			defaultConfigurationIsVisible = 0;
			defaultConfigurationName = Release;
		};
		F02B04A223D4AE3700780785 /* Build configuration list for PBXNativeTarget "sqlExamTests" */ = {
			isa = XCConfigurationList;
			buildConfigurations = (
				F02B04A323D4AE3700780785 /* Debug */,
				F02B04A423D4AE3700780785 /* Release */,
			);
			defaultConfigurationIsVisible = 0;
			defaultConfigurationName = Release;
		};
		F02B04A523D4AE3700780785 /* Build configuration list for PBXNativeTarget "sqlExamUITests" */ = {
			isa = XCConfigurationList;
			buildConfigurations = (
				F02B04A623D4AE3700780785 /* Debug */,
				F02B04A723D4AE3700780785 /* Release */,
			);
			defaultConfigurationIsVisible = 0;
			defaultConfigurationName = Release;
		};
/* End XCConfigurationList section */

/* Begin XCVersionGroup section */
		F02B047E23D4AE3500780785 /* sqlExam.xcdatamodeld */ = {
			isa = XCVersionGroup;
			children = (
				F02B047F23D4AE3500780785 /* sqlExam.xcdatamodel */,
			);
			currentVersion = F02B047F23D4AE3500780785 /* sqlExam.xcdatamodel */;
			path = sqlExam.xcdatamodeld;
			sourceTree = "<group>";
			versionGroupType = wrapper.xcdatamodel;
		};
/* End XCVersionGroup section */
	};
	rootObject = F02B046A23D4AE3500780785 /* Project object */;
}
